// !$*UTF8*$!
{
	archiveVersion = 1;
	classes = {
	};
	objectVersion = 50;
	objects = {

/* Begin PBXBuildFile section */
		0732983AADC010A6EA5DC619 /* Pods_petsback.framework in Frameworks */ = {isa = PBXBuildFile; fileRef = 267DD58B916749719CFB07A7 /* Pods_petsback.framework */; };
		2C100D4422118EAC000B07D3 /* ReportLostViewController.swift in Sources */ = {isa = PBXBuildFile; fileRef = 2C100D4322118EAC000B07D3 /* ReportLostViewController.swift */; };
		2C100D462215B5A1000B07D3 /* CheckboxButton.swift in Sources */ = {isa = PBXBuildFile; fileRef = 2C100D452215B5A1000B07D3 /* CheckboxButton.swift */; };
		2C100D4A2225F34B000B07D3 /* Config.swift in Sources */ = {isa = PBXBuildFile; fileRef = 2C100D492225F34B000B07D3 /* Config.swift */; };
		2C100D4C2226FC17000B07D3 /* ReportFoundViewController.swift in Sources */ = {isa = PBXBuildFile; fileRef = 2C100D4B2226FC17000B07D3 /* ReportFoundViewController.swift */; };
		2C19ABF822929DC70092A4F5 /* UpdateInfoViewController.swift in Sources */ = {isa = PBXBuildFile; fileRef = 2C19ABF722929DC70092A4F5 /* UpdateInfoViewController.swift */; };
		2C19ABFA2293089D0092A4F5 /* RegisterPetViewController.swift in Sources */ = {isa = PBXBuildFile; fileRef = 2C19ABF92293089D0092A4F5 /* RegisterPetViewController.swift */; };
		2C2A4B3C2180765600A13703 /* GoogleService-Info.plist in Resources */ = {isa = PBXBuildFile; fileRef = 2C2A4B3B2180765600A13703 /* GoogleService-Info.plist */; };
		2C6AF2242174BA1400C56A01 /* AppDelegate.swift in Sources */ = {isa = PBXBuildFile; fileRef = 2C6AF2232174BA1400C56A01 /* AppDelegate.swift */; };
		2C6AF2262174BA1400C56A01 /* ViewController.swift in Sources */ = {isa = PBXBuildFile; fileRef = 2C6AF2252174BA1400C56A01 /* ViewController.swift */; };
		2C6AF2292174BA1400C56A01 /* Main.storyboard in Resources */ = {isa = PBXBuildFile; fileRef = 2C6AF2272174BA1400C56A01 /* Main.storyboard */; };
		2C6AF22B2174BA1600C56A01 /* Assets.xcassets in Resources */ = {isa = PBXBuildFile; fileRef = 2C6AF22A2174BA1600C56A01 /* Assets.xcassets */; };
		2C6AF22E2174BA1600C56A01 /* LaunchScreen.storyboard in Resources */ = {isa = PBXBuildFile; fileRef = 2C6AF22C2174BA1600C56A01 /* LaunchScreen.storyboard */; };
		2CDE81B42204A3D50076ECE7 /* LoginViewController.swift in Sources */ = {isa = PBXBuildFile; fileRef = 2CDE81B32204A3D50076ECE7 /* LoginViewController.swift */; };
		2CDE81B62204A7F30076ECE7 /* ViewPetsViewController.swift in Sources */ = {isa = PBXBuildFile; fileRef = 2CDE81B52204A7F30076ECE7 /* ViewPetsViewController.swift */; };
		2CDE81B8220842DA0076ECE7 /* RegisterViewController.swift in Sources */ = {isa = PBXBuildFile; fileRef = 2CDE81B7220842DA0076ECE7 /* RegisterViewController.swift */; };
		2CDE81BA2209B7240076ECE7 /* CustomCell.swift in Sources */ = {isa = PBXBuildFile; fileRef = 2CDE81B92209B7240076ECE7 /* CustomCell.swift */; };
		2CDE81BE2209D8E90076ECE7 /* PetDetailsViewController.swift in Sources */ = {isa = PBXBuildFile; fileRef = 2CDE81BD2209D8E90076ECE7 /* PetDetailsViewController.swift */; };
		2CE4A4AE2237EFC70020EFE0 /* MyReportsAllViewController.swift in Sources */ = {isa = PBXBuildFile; fileRef = 2CE4A4AD2237EFC70020EFE0 /* MyReportsAllViewController.swift */; };
		2CE4A4B0223911B20020EFE0 /* MyPetsAllViewController.swift in Sources */ = {isa = PBXBuildFile; fileRef = 2CE4A4AF223911B20020EFE0 /* MyPetsAllViewController.swift */; };
		2CE4A4B2223916C60020EFE0 /* MyPetDetailsViewController.swift in Sources */ = {isa = PBXBuildFile; fileRef = 2CE4A4B1223916C60020EFE0 /* MyPetDetailsViewController.swift */; };
/* End PBXBuildFile section */

/* Begin PBXFileReference section */
		267DD58B916749719CFB07A7 /* Pods_petsback.framework */ = {isa = PBXFileReference; explicitFileType = wrapper.framework; includeInIndex = 0; path = Pods_petsback.framework; sourceTree = BUILT_PRODUCTS_DIR; };
		2C100D4322118EAC000B07D3 /* ReportLostViewController.swift */ = {isa = PBXFileReference; lastKnownFileType = sourcecode.swift; path = ReportLostViewController.swift; sourceTree = "<group>"; };
		2C100D452215B5A1000B07D3 /* CheckboxButton.swift */ = {isa = PBXFileReference; fileEncoding = 4; lastKnownFileType = sourcecode.swift; path = CheckboxButton.swift; sourceTree = "<group>"; };
		2C100D492225F34B000B07D3 /* Config.swift */ = {isa = PBXFileReference; lastKnownFileType = sourcecode.swift; path = Config.swift; sourceTree = "<group>"; };
		2C100D4B2226FC17000B07D3 /* ReportFoundViewController.swift */ = {isa = PBXFileReference; lastKnownFileType = sourcecode.swift; path = ReportFoundViewController.swift; sourceTree = "<group>"; };
		2C19ABF722929DC70092A4F5 /* UpdateInfoViewController.swift */ = {isa = PBXFileReference; lastKnownFileType = sourcecode.swift; path = UpdateInfoViewController.swift; sourceTree = "<group>"; };
		2C19ABF92293089D0092A4F5 /* RegisterPetViewController.swift */ = {isa = PBXFileReference; lastKnownFileType = sourcecode.swift; path = RegisterPetViewController.swift; sourceTree = "<group>"; };
		2C2A4B3B2180765600A13703 /* GoogleService-Info.plist */ = {isa = PBXFileReference; fileEncoding = 4; lastKnownFileType = text.plist.xml; path = "GoogleService-Info.plist"; sourceTree = "<group>"; };
		2C6AF2202174BA1400C56A01 /* petsback.app */ = {isa = PBXFileReference; explicitFileType = wrapper.application; includeInIndex = 0; path = petsback.app; sourceTree = BUILT_PRODUCTS_DIR; };
		2C6AF2232174BA1400C56A01 /* AppDelegate.swift */ = {isa = PBXFileReference; lastKnownFileType = sourcecode.swift; path = AppDelegate.swift; sourceTree = "<group>"; };
		2C6AF2252174BA1400C56A01 /* ViewController.swift */ = {isa = PBXFileReference; lastKnownFileType = sourcecode.swift; path = ViewController.swift; sourceTree = "<group>"; };
		2C6AF2282174BA1400C56A01 /* Base */ = {isa = PBXFileReference; lastKnownFileType = file.storyboard; name = Base; path = Base.lproj/Main.storyboard; sourceTree = "<group>"; };
		2C6AF22A2174BA1600C56A01 /* Assets.xcassets */ = {isa = PBXFileReference; lastKnownFileType = folder.assetcatalog; path = Assets.xcassets; sourceTree = "<group>"; };
		2C6AF22D2174BA1600C56A01 /* Base */ = {isa = PBXFileReference; lastKnownFileType = file.storyboard; name = Base; path = Base.lproj/LaunchScreen.storyboard; sourceTree = "<group>"; };
		2C6AF22F2174BA1600C56A01 /* Info.plist */ = {isa = PBXFileReference; lastKnownFileType = text.plist.xml; path = Info.plist; sourceTree = "<group>"; };
		2CDE81B32204A3D50076ECE7 /* LoginViewController.swift */ = {isa = PBXFileReference; lastKnownFileType = sourcecode.swift; path = LoginViewController.swift; sourceTree = "<group>"; };
		2CDE81B52204A7F30076ECE7 /* ViewPetsViewController.swift */ = {isa = PBXFileReference; lastKnownFileType = sourcecode.swift; path = ViewPetsViewController.swift; sourceTree = "<group>"; };
		2CDE81B7220842DA0076ECE7 /* RegisterViewController.swift */ = {isa = PBXFileReference; lastKnownFileType = sourcecode.swift; path = RegisterViewController.swift; sourceTree = "<group>"; };
		2CDE81B92209B7240076ECE7 /* CustomCell.swift */ = {isa = PBXFileReference; lastKnownFileType = sourcecode.swift; path = CustomCell.swift; sourceTree = "<group>"; };
		2CDE81BD2209D8E90076ECE7 /* PetDetailsViewController.swift */ = {isa = PBXFileReference; lastKnownFileType = sourcecode.swift; path = PetDetailsViewController.swift; sourceTree = "<group>"; };
		2CE4A4AD2237EFC70020EFE0 /* MyReportsAllViewController.swift */ = {isa = PBXFileReference; lastKnownFileType = sourcecode.swift; path = MyReportsAllViewController.swift; sourceTree = "<group>"; };
		2CE4A4AF223911B20020EFE0 /* MyPetsAllViewController.swift */ = {isa = PBXFileReference; lastKnownFileType = sourcecode.swift; path = MyPetsAllViewController.swift; sourceTree = "<group>"; };
		2CE4A4B1223916C60020EFE0 /* MyPetDetailsViewController.swift */ = {isa = PBXFileReference; lastKnownFileType = sourcecode.swift; path = MyPetDetailsViewController.swift; sourceTree = "<group>"; };
		7AC9E14B1B80E7248D69A045 /* Pods-petsback.debug.xcconfig */ = {isa = PBXFileReference; includeInIndex = 1; lastKnownFileType = text.xcconfig; name = "Pods-petsback.debug.xcconfig"; path = "Pods/Target Support Files/Pods-petsback/Pods-petsback.debug.xcconfig"; sourceTree = "<group>"; };
		F303F0512903B70BAB8FDB0B /* Pods-petsback.release.xcconfig */ = {isa = PBXFileReference; includeInIndex = 1; lastKnownFileType = text.xcconfig; name = "Pods-petsback.release.xcconfig"; path = "Pods/Target Support Files/Pods-petsback/Pods-petsback.release.xcconfig"; sourceTree = "<group>"; };
/* End PBXFileReference section */

/* Begin PBXFrameworksBuildPhase section */
		2C6AF21D2174BA1400C56A01 /* Frameworks */ = {
			isa = PBXFrameworksBuildPhase;
			buildActionMask = 2147483647;
			files = (
				0732983AADC010A6EA5DC619 /* Pods_petsback.framework in Frameworks */,
			);
			runOnlyForDeploymentPostprocessing = 0;
		};
/* End PBXFrameworksBuildPhase section */

/* Begin PBXGroup section */
		091B40C4469969399692912E /* Pods */ = {
			isa = PBXGroup;
			children = (
				7AC9E14B1B80E7248D69A045 /* Pods-petsback.debug.xcconfig */,
				F303F0512903B70BAB8FDB0B /* Pods-petsback.release.xcconfig */,
			);
			name = Pods;
			sourceTree = "<group>";
		};
		2133DA194D68F70D586E2910 /* Frameworks */ = {
			isa = PBXGroup;
			children = (
				267DD58B916749719CFB07A7 /* Pods_petsback.framework */,
			);
			name = Frameworks;
			sourceTree = "<group>";
		};
		2C6AF2172174BA1300C56A01 = {
			isa = PBXGroup;
			children = (
				2C6AF2222174BA1400C56A01 /* petsback */,
				2C6AF2212174BA1400C56A01 /* Products */,
				091B40C4469969399692912E /* Pods */,
				2133DA194D68F70D586E2910 /* Frameworks */,
			);
			sourceTree = "<group>";
		};
		2C6AF2212174BA1400C56A01 /* Products */ = {
			isa = PBXGroup;
			children = (
				2C6AF2202174BA1400C56A01 /* petsback.app */,
			);
			name = Products;
			sourceTree = "<group>";
		};
		2C6AF2222174BA1400C56A01 /* petsback */ = {
			isa = PBXGroup;
			children = (
				2C2A4B3B2180765600A13703 /* GoogleService-Info.plist */,
				2C6AF22A2174BA1600C56A01 /* Assets.xcassets */,
				2C6AF22C2174BA1600C56A01 /* LaunchScreen.storyboard */,
				2C6AF22F2174BA1600C56A01 /* Info.plist */,
				2CDE81BC2209D8BF0076ECE7 /* Storyboards */,
				2CDE81BB2209D8990076ECE7 /* Supporting */,
				2CDE81B02204A3400076ECE7 /* Controllers */,
				2C6AF2232174BA1400C56A01 /* AppDelegate.swift */,
			);
			path = petsback;
			sourceTree = "<group>";
		};
		2CDE81B02204A3400076ECE7 /* Controllers */ = {
			isa = PBXGroup;
			children = (
				2C19ABF92293089D0092A4F5 /* RegisterPetViewController.swift */,
				2C6AF2252174BA1400C56A01 /* ViewController.swift */,
				2CDE81B32204A3D50076ECE7 /* LoginViewController.swift */,
				2CDE81B52204A7F30076ECE7 /* ViewPetsViewController.swift */,
				2CDE81B7220842DA0076ECE7 /* RegisterViewController.swift */,
				2CDE81BD2209D8E90076ECE7 /* PetDetailsViewController.swift */,
				2C100D4322118EAC000B07D3 /* ReportLostViewController.swift */,
				2C100D4B2226FC17000B07D3 /* ReportFoundViewController.swift */,
				2CE4A4AD2237EFC70020EFE0 /* MyReportsAllViewController.swift */,
				2CE4A4AF223911B20020EFE0 /* MyPetsAllViewController.swift */,
				2CE4A4B1223916C60020EFE0 /* MyPetDetailsViewController.swift */,
				2C19ABF722929DC70092A4F5 /* UpdateInfoViewController.swift */,
			);
			path = Controllers;
			sourceTree = "<group>";
		};
		2CDE81BB2209D8990076ECE7 /* Supporting */ = {
			isa = PBXGroup;
			children = (
				2C100D452215B5A1000B07D3 /* CheckboxButton.swift */,
				2CDE81B92209B7240076ECE7 /* CustomCell.swift */,
				2C100D492225F34B000B07D3 /* Config.swift */,
			);
			path = Supporting;
			sourceTree = "<group>";
		};
		2CDE81BC2209D8BF0076ECE7 /* Storyboards */ = {
			isa = PBXGroup;
			children = (
				2C6AF2272174BA1400C56A01 /* Main.storyboard */,
			);
			path = Storyboards;
			sourceTree = "<group>";
		};
/* End PBXGroup section */

/* Begin PBXNativeTarget section */
		2C6AF21F2174BA1400C56A01 /* petsback */ = {
			isa = PBXNativeTarget;
			buildConfigurationList = 2C6AF2322174BA1600C56A01 /* Build configuration list for PBXNativeTarget "petsback" */;
			buildPhases = (
				E87B6E11C9D684282C0B1306 /* [CP] Check Pods Manifest.lock */,
				2C6AF21C2174BA1400C56A01 /* Sources */,
				2C6AF21D2174BA1400C56A01 /* Frameworks */,
				2C6AF21E2174BA1400C56A01 /* Resources */,
				15EFFA426E80AC844B5F2788 /* [CP] Embed Pods Frameworks */,
			);
			buildRules = (
			);
			dependencies = (
			);
			name = petsback;
			productName = petsback;
			productReference = 2C6AF2202174BA1400C56A01 /* petsback.app */;
			productType = "com.apple.product-type.application";
		};
/* End PBXNativeTarget section */

/* Begin PBXProject section */
		2C6AF2182174BA1300C56A01 /* Project object */ = {
			isa = PBXProject;
			attributes = {
				LastSwiftUpdateCheck = 1000;
				LastUpgradeCheck = 1000;
				ORGANIZATIONNAME = "Brandan McDevitt";
				TargetAttributes = {
					2C6AF21F2174BA1400C56A01 = {
						CreatedOnToolsVersion = 10.0;
					};
				};
			};
			buildConfigurationList = 2C6AF21B2174BA1400C56A01 /* Build configuration list for PBXProject "petsback" */;
			compatibilityVersion = "Xcode 9.3";
			developmentRegion = en;
			hasScannedForEncodings = 0;
			knownRegions = (
				en,
				Base,
			);
			mainGroup = 2C6AF2172174BA1300C56A01;
			productRefGroup = 2C6AF2212174BA1400C56A01 /* Products */;
			projectDirPath = "";
			projectRoot = "";
			targets = (
				2C6AF21F2174BA1400C56A01 /* petsback */,
			);
		};
/* End PBXProject section */

/* Begin PBXResourcesBuildPhase section */
		2C6AF21E2174BA1400C56A01 /* Resources */ = {
			isa = PBXResourcesBuildPhase;
			buildActionMask = 2147483647;
			files = (
				2C6AF22E2174BA1600C56A01 /* LaunchScreen.storyboard in Resources */,
				2C2A4B3C2180765600A13703 /* GoogleService-Info.plist in Resources */,
				2C6AF22B2174BA1600C56A01 /* Assets.xcassets in Resources */,
				2C6AF2292174BA1400C56A01 /* Main.storyboard in Resources */,
			);
			runOnlyForDeploymentPostprocessing = 0;
		};
/* End PBXResourcesBuildPhase section */

/* Begin PBXShellScriptBuildPhase section */
		15EFFA426E80AC844B5F2788 /* [CP] Embed Pods Frameworks */ = {
			isa = PBXShellScriptBuildPhase;
			buildActionMask = 2147483647;
			files = (
			);
			inputPaths = (
				"${SRCROOT}/Pods/Target Support Files/Pods-petsback/Pods-petsback-frameworks.sh",
				"${BUILT_PRODUCTS_DIR}/AWSCore/AWSCore.framework",
				"${BUILT_PRODUCTS_DIR}/AWSS3/AWSS3.framework",
				"${BUILT_PRODUCTS_DIR}/Amazons3/Amazons3.framework",
				"${BUILT_PRODUCTS_DIR}/BoringSSL/openssl.framework",
				"${BUILT_PRODUCTS_DIR}/GTMSessionFetcher/GTMSessionFetcher.framework",
				"${BUILT_PRODUCTS_DIR}/GoogleToolboxForMac/GoogleToolboxForMac.framework",
				"${BUILT_PRODUCTS_DIR}/Kingfisher/Kingfisher.framework",
				"${BUILT_PRODUCTS_DIR}/Protobuf/Protobuf.framework",
				"${BUILT_PRODUCTS_DIR}/gRPC/GRPCClient.framework",
				"${BUILT_PRODUCTS_DIR}/gRPC-Core/grpc.framework",
				"${BUILT_PRODUCTS_DIR}/gRPC-ProtoRPC/ProtoRPC.framework",
				"${BUILT_PRODUCTS_DIR}/gRPC-RxLibrary/RxLibrary.framework",
				"${BUILT_PRODUCTS_DIR}/leveldb-library/leveldb.framework",
				"${BUILT_PRODUCTS_DIR}/nanopb/nanopb.framework",
			);
			name = "[CP] Embed Pods Frameworks";
			outputPaths = (
				"${TARGET_BUILD_DIR}/${FRAMEWORKS_FOLDER_PATH}/AWSCore.framework",
				"${TARGET_BUILD_DIR}/${FRAMEWORKS_FOLDER_PATH}/AWSS3.framework",
				"${TARGET_BUILD_DIR}/${FRAMEWORKS_FOLDER_PATH}/Amazons3.framework",
				"${TARGET_BUILD_DIR}/${FRAMEWORKS_FOLDER_PATH}/openssl.framework",
				"${TARGET_BUILD_DIR}/${FRAMEWORKS_FOLDER_PATH}/GTMSessionFetcher.framework",
				"${TARGET_BUILD_DIR}/${FRAMEWORKS_FOLDER_PATH}/GoogleToolboxForMac.framework",
				"${TARGET_BUILD_DIR}/${FRAMEWORKS_FOLDER_PATH}/Kingfisher.framework",
				"${TARGET_BUILD_DIR}/${FRAMEWORKS_FOLDER_PATH}/Protobuf.framework",
				"${TARGET_BUILD_DIR}/${FRAMEWORKS_FOLDER_PATH}/GRPCClient.framework",
				"${TARGET_BUILD_DIR}/${FRAMEWORKS_FOLDER_PATH}/grpc.framework",
				"${TARGET_BUILD_DIR}/${FRAMEWORKS_FOLDER_PATH}/ProtoRPC.framework",
				"${TARGET_BUILD_DIR}/${FRAMEWORKS_FOLDER_PATH}/RxLibrary.framework",
				"${TARGET_BUILD_DIR}/${FRAMEWORKS_FOLDER_PATH}/leveldb.framework",
				"${TARGET_BUILD_DIR}/${FRAMEWORKS_FOLDER_PATH}/nanopb.framework",
			);
			runOnlyForDeploymentPostprocessing = 0;
			shellPath = /bin/sh;
			shellScript = "\"${SRCROOT}/Pods/Target Support Files/Pods-petsback/Pods-petsback-frameworks.sh\"\n";
			showEnvVarsInLog = 0;
		};
		E87B6E11C9D684282C0B1306 /* [CP] Check Pods Manifest.lock */ = {
			isa = PBXShellScriptBuildPhase;
			buildActionMask = 2147483647;
			files = (
			);
			inputPaths = (
				"${PODS_PODFILE_DIR_PATH}/Podfile.lock",
				"${PODS_ROOT}/Manifest.lock",
			);
			name = "[CP] Check Pods Manifest.lock";
			outputPaths = (
				"$(DERIVED_FILE_DIR)/Pods-petsback-checkManifestLockResult.txt",
			);
			runOnlyForDeploymentPostprocessing = 0;
			shellPath = /bin/sh;
			shellScript = "diff \"${PODS_PODFILE_DIR_PATH}/Podfile.lock\" \"${PODS_ROOT}/Manifest.lock\" > /dev/null\nif [ $? != 0 ] ; then\n    # print error to STDERR\n    echo \"error: The sandbox is not in sync with the Podfile.lock. Run 'pod install' or update your CocoaPods installation.\" >&2\n    exit 1\nfi\n# This output is used by Xcode 'outputs' to avoid re-running this script phase.\necho \"SUCCESS\" > \"${SCRIPT_OUTPUT_FILE_0}\"\n";
			showEnvVarsInLog = 0;
		};
/* End PBXShellScriptBuildPhase section */

/* Begin PBXSourcesBuildPhase section */
		2C6AF21C2174BA1400C56A01 /* Sources */ = {
			isa = PBXSourcesBuildPhase;
			buildActionMask = 2147483647;
			files = (
				2C100D4422118EAC000B07D3 /* ReportLostViewController.swift in Sources */,
				2CDE81B42204A3D50076ECE7 /* LoginViewController.swift in Sources */,
				2CE4A4AE2237EFC70020EFE0 /* MyReportsAllViewController.swift in Sources */,
				2CDE81BE2209D8E90076ECE7 /* PetDetailsViewController.swift in Sources */,
				2C19ABF822929DC70092A4F5 /* UpdateInfoViewController.swift in Sources */,
				2CDE81B8220842DA0076ECE7 /* RegisterViewController.swift in Sources */,
				2C100D4C2226FC17000B07D3 /* ReportFoundViewController.swift in Sources */,
				2C19ABFA2293089D0092A4F5 /* RegisterPetViewController.swift in Sources */,
				2CE4A4B0223911B20020EFE0 /* MyPetsAllViewController.swift in Sources */,
				2C100D462215B5A1000B07D3 /* CheckboxButton.swift in Sources */,
				2CE4A4B2223916C60020EFE0 /* MyPetDetailsViewController.swift in Sources */,
				2C6AF2262174BA1400C56A01 /* ViewController.swift in Sources */,
				2C6AF2242174BA1400C56A01 /* AppDelegate.swift in Sources */,
				2C100D4A2225F34B000B07D3 /* Config.swift in Sources */,
				2CDE81BA2209B7240076ECE7 /* CustomCell.swift in Sources */,
				2CDE81B62204A7F30076ECE7 /* ViewPetsViewController.swift in Sources */,
			);
			runOnlyForDeploymentPostprocessing = 0;
		};
/* End PBXSourcesBuildPhase section */

/* Begin PBXVariantGroup section */
		2C6AF2272174BA1400C56A01 /* Main.storyboard */ = {
			isa = PBXVariantGroup;
			children = (
				2C6AF2282174BA1400C56A01 /* Base */,
			);
			name = Main.storyboard;
			sourceTree = "<group>";
		};
		2C6AF22C2174BA1600C56A01 /* LaunchScreen.storyboard */ = {
			isa = PBXVariantGroup;
			children = (
				2C6AF22D2174BA1600C56A01 /* Base */,
			);
			name = LaunchScreen.storyboard;
			sourceTree = "<group>";
		};
/* End PBXVariantGroup section */

/* Begin XCBuildConfiguration section */
		2C6AF2302174BA1600C56A01 /* Debug */ = {
			isa = XCBuildConfiguration;
			buildSettings = {
				ALWAYS_SEARCH_USER_PATHS = NO;
				CLANG_ANALYZER_NONNULL = YES;
				CLANG_ANALYZER_NUMBER_OBJECT_CONVERSION = YES_AGGRESSIVE;
				CLANG_CXX_LANGUAGE_STANDARD = "gnu++14";
				CLANG_CXX_LIBRARY = "libc++";
				CLANG_ENABLE_MODULES = YES;
				CLANG_ENABLE_OBJC_ARC = YES;
				CLANG_ENABLE_OBJC_WEAK = YES;
				CLANG_WARN_BLOCK_CAPTURE_AUTORELEASING = YES;
				CLANG_WARN_BOOL_CONVERSION = YES;
				CLANG_WARN_COMMA = YES;
				CLANG_WARN_CONSTANT_CONVERSION = YES;
				CLANG_WARN_DEPRECATED_OBJC_IMPLEMENTATIONS = YES;
				CLANG_WARN_DIRECT_OBJC_ISA_USAGE = YES_ERROR;
				CLANG_WARN_DOCUMENTATION_COMMENTS = YES;
				CLANG_WARN_EMPTY_BODY = YES;
				CLANG_WARN_ENUM_CONVERSION = YES;
				CLANG_WARN_INFINITE_RECURSION = YES;
				CLANG_WARN_INT_CONVERSION = YES;
				CLANG_WARN_NON_LITERAL_NULL_CONVERSION = YES;
				CLANG_WARN_OBJC_IMPLICIT_RETAIN_SELF = YES;
				CLANG_WARN_OBJC_LITERAL_CONVERSION = YES;
				CLANG_WARN_OBJC_ROOT_CLASS = YES_ERROR;
				CLANG_WARN_RANGE_LOOP_ANALYSIS = YES;
				CLANG_WARN_STRICT_PROTOTYPES = YES;
				CLANG_WARN_SUSPICIOUS_MOVE = YES;
				CLANG_WARN_UNGUARDED_AVAILABILITY = YES_AGGRESSIVE;
				CLANG_WARN_UNREACHABLE_CODE = YES;
				CLANG_WARN__DUPLICATE_METHOD_MATCH = YES;
				CODE_SIGN_IDENTITY = "iPhone Developer";
				COPY_PHASE_STRIP = NO;
				DEBUG_INFORMATION_FORMAT = dwarf;
				ENABLE_STRICT_OBJC_MSGSEND = YES;
				ENABLE_TESTABILITY = YES;
				GCC_C_LANGUAGE_STANDARD = gnu11;
				GCC_DYNAMIC_NO_PIC = NO;
				GCC_NO_COMMON_BLOCKS = YES;
				GCC_OPTIMIZATION_LEVEL = 0;
				GCC_PREPROCESSOR_DEFINITIONS = (
					"DEBUG=1",
					"$(inherited)",
				);
				GCC_WARN_64_TO_32_BIT_CONVERSION = YES;
				GCC_WARN_ABOUT_RETURN_TYPE = YES_ERROR;
				GCC_WARN_UNDECLARED_SELECTOR = YES;
				GCC_WARN_UNINITIALIZED_AUTOS = YES_AGGRESSIVE;
				GCC_WARN_UNUSED_FUNCTION = YES;
				GCC_WARN_UNUSED_VARIABLE = YES;
				IPHONEOS_DEPLOYMENT_TARGET = 12.0;
				MTL_ENABLE_DEBUG_INFO = INCLUDE_SOURCE;
				MTL_FAST_MATH = YES;
				ONLY_ACTIVE_ARCH = YES;
				SDKROOT = iphoneos;
				SWIFT_ACTIVE_COMPILATION_CONDITIONS = DEBUG;
				SWIFT_OPTIMIZATION_LEVEL = "-Onone";
			};
			name = Debug;
		};
		2C6AF2312174BA1600C56A01 /* Release */ = {
			isa = XCBuildConfiguration;
			buildSettings = {
				ALWAYS_SEARCH_USER_PATHS = NO;
				CLANG_ANALYZER_NONNULL = YES;
				CLANG_ANALYZER_NUMBER_OBJECT_CONVERSION = YES_AGGRESSIVE;
				CLANG_CXX_LANGUAGE_STANDARD = "gnu++14";
				CLANG_CXX_LIBRARY = "libc++";
				CLANG_ENABLE_MODULES = YES;
				CLANG_ENABLE_OBJC_ARC = YES;
				CLANG_ENABLE_OBJC_WEAK = YES;
				CLANG_WARN_BLOCK_CAPTURE_AUTORELEASING = YES;
				CLANG_WARN_BOOL_CONVERSION = YES;
				CLANG_WARN_COMMA = YES;
				CLANG_WARN_CONSTANT_CONVERSION = YES;
				CLANG_WARN_DEPRECATED_OBJC_IMPLEMENTATIONS = YES;
				CLANG_WARN_DIRECT_OBJC_ISA_USAGE = YES_ERROR;
				CLANG_WARN_DOCUMENTATION_COMMENTS = YES;
				CLANG_WARN_EMPTY_BODY = YES;
				CLANG_WARN_ENUM_CONVERSION = YES;
				CLANG_WARN_INFINITE_RECURSION = YES;
				CLANG_WARN_INT_CONVERSION = YES;
				CLANG_WARN_NON_LITERAL_NULL_CONVERSION = YES;
				CLANG_WARN_OBJC_IMPLICIT_RETAIN_SELF = YES;
				CLANG_WARN_OBJC_LITERAL_CONVERSION = YES;
				CLANG_WARN_OBJC_ROOT_CLASS = YES_ERROR;
				CLANG_WARN_RANGE_LOOP_ANALYSIS = YES;
				CLANG_WARN_STRICT_PROTOTYPES = YES;
				CLANG_WARN_SUSPICIOUS_MOVE = YES;
				CLANG_WARN_UNGUARDED_AVAILABILITY = YES_AGGRESSIVE;
				CLANG_WARN_UNREACHABLE_CODE = YES;
				CLANG_WARN__DUPLICATE_METHOD_MATCH = YES;
				CODE_SIGN_IDENTITY = "iPhone Developer";
				COPY_PHASE_STRIP = NO;
				DEBUG_INFORMATION_FORMAT = "dwarf-with-dsym";
				ENABLE_NS_ASSERTIONS = NO;
				ENABLE_STRICT_OBJC_MSGSEND = YES;
				GCC_C_LANGUAGE_STANDARD = gnu11;
				GCC_NO_COMMON_BLOCKS = YES;
				GCC_WARN_64_TO_32_BIT_CONVERSION = YES;
				GCC_WARN_ABOUT_RETURN_TYPE = YES_ERROR;
				GCC_WARN_UNDECLARED_SELECTOR = YES;
				GCC_WARN_UNINITIALIZED_AUTOS = YES_AGGRESSIVE;
				GCC_WARN_UNUSED_FUNCTION = YES;
				GCC_WARN_UNUSED_VARIABLE = YES;
				IPHONEOS_DEPLOYMENT_TARGET = 12.0;
				MTL_ENABLE_DEBUG_INFO = NO;
				MTL_FAST_MATH = YES;
				SDKROOT = iphoneos;
				SWIFT_COMPILATION_MODE = wholemodule;
				SWIFT_OPTIMIZATION_LEVEL = "-O";
				VALIDATE_PRODUCT = YES;
			};
			name = Release;
		};
		2C6AF2332174BA1600C56A01 /* Debug */ = {
			isa = XCBuildConfiguration;
			baseConfigurationReference = 7AC9E14B1B80E7248D69A045 /* Pods-petsback.debug.xcconfig */;
			buildSettings = {
				ASSETCATALOG_COMPILER_APPICON_NAME = AppIcon;
				CODE_SIGN_STYLE = Automatic;
				DEVELOPMENT_TEAM = 5UVZRKV28W;
				INFOPLIST_FILE = petsback/Info.plist;
				LD_RUNPATH_SEARCH_PATHS = (
					"$(inherited)",
					"@executable_path/Frameworks",
				);
				PRODUCT_BUNDLE_IDENTIFIER = com.brandanmcdevitt.petsback;
				PRODUCT_NAME = "$(TARGET_NAME)";
				SWIFT_VERSION = 4.2;
				TARGETED_DEVICE_FAMILY = "1,2";
			};
			name = Debug;
		};
		2C6AF2342174BA1600C56A01 /* Release */ = {
			isa = XCBuildConfiguration;
			baseConfigurationReference = F303F0512903B70BAB8FDB0B /* Pods-petsback.release.xcconfig */;
			buildSettings = {
				ASSETCATALOG_COMPILER_APPICON_NAME = AppIcon;
				CODE_SIGN_STYLE = Automatic;
				DEVELOPMENT_TEAM = 5UVZRKV28W;
				INFOPLIST_FILE = petsback/Info.plist;
				LD_RUNPATH_SEARCH_PATHS = (
					"$(inherited)",
					"@executable_path/Frameworks",
				);
				PRODUCT_BUNDLE_IDENTIFIER = com.brandanmcdevitt.petsback;
				PRODUCT_NAME = "$(TARGET_NAME)";
				SWIFT_VERSION = 4.2;
				TARGETED_DEVICE_FAMILY = "1,2";
			};
			name = Release;
		};
/* End XCBuildConfiguration section */

/* Begin XCConfigurationList section */
		2C6AF21B2174BA1400C56A01 /* Build configuration list for PBXProject "petsback" */ = {
			isa = XCConfigurationList;
			buildConfigurations = (
				2C6AF2302174BA1600C56A01 /* Debug */,
				2C6AF2312174BA1600C56A01 /* Release */,
			);
			defaultConfigurationIsVisible = 0;
			defaultConfigurationName = Release;
		};
		2C6AF2322174BA1600C56A01 /* Build configuration list for PBXNativeTarget "petsback" */ = {
			isa = XCConfigurationList;
			buildConfigurations = (
				2C6AF2332174BA1600C56A01 /* Debug */,
				2C6AF2342174BA1600C56A01 /* Release */,
			);
			defaultConfigurationIsVisible = 0;
			defaultConfigurationName = Release;
		};
/* End XCConfigurationList section */
	};
	rootObject = 2C6AF2182174BA1300C56A01 /* Project object */;
}
